
Microsoft Visual Studio Solution File, Format Version 12.00
# Visual Studio Version 16
VisualStudioVersion = 16.0.29926.136
MinimumVisualStudioVersion = 10.0.40219.1
Project("{9A19103F-16F7-4668-BE54-9A1E7A4F7556}") = "AuthServer", "AuthServer\AuthServer.csproj", "{CC051A3A-8B43-43FA-ABDB-6F6258F60790}"
EndProject
Project("{9A19103F-16F7-4668-BE54-9A1E7A4F7556}") = "OauthClient", "OauthClient\OauthClient.csproj", "{BC20E836-3914-40DC-9826-47556BE381F2}"
EndProject
Project("{9A19103F-16F7-4668-BE54-9A1E7A4F7556}") = "SmartBuilding.Data", "SmartBuilding.Data\SmartBuilding.Data.csproj", "{87DDA144-5259-489D-A610-9F694F74D1F4}"
EndProject
Project("{9A19103F-16F7-4668-BE54-9A1E7A4F7556}") = "SmartBuilding.Api", "SmartBuilding.Api\SmartBuilding.Api.csproj", "{81823678-6D69-43B1-BFB2-AD9C39932222}"
EndProject
Project("{9A19103F-16F7-4668-BE54-9A1E7A4F7556}") = "ConsoleApp1", "ConsoleApp1\ConsoleApp1.csproj", "{C94ADD49-C0F2-4E9F-8993-CD21FB576021}"
EndProject
Project("{9A19103F-16F7-4668-BE54-9A1E7A4F7556}") = "ConsoleCreateAccountMqtt", "ConsoleCreateAccountMqtt\ConsoleCreateAccountMqtt.csproj", "{52B6D545-BFFE-43F6-B2E7-6E092C4FCD2A}"
EndProject
Project("{9A19103F-16F7-4668-BE54-9A1E7A4F7556}") = "Websocket.Mqtt", "Websocket.Mqtt\Websocket.Mqtt.csproj", "{4BABD47F-2613-4965-97D7-123AC35610BB}"
EndProject
Project("{9A19103F-16F7-4668-BE54-9A1E7A4F7556}") = "Auth.Server", "Auth.Server\Auth.Server.csproj", "{0C9A005C-AB27-46F0-99A3-EFD54676C554}"
EndProject
Global
	GlobalSection(SolutionConfigurationPlatforms) = preSolution
		Debug|Any CPU = Debug|Any CPU
		Release|Any CPU = Release|Any CPU
	EndGlobalSection
	GlobalSection(ProjectConfigurationPlatforms) = postSolution
		{CC051A3A-8B43-43FA-ABDB-6F6258F60790}.Debug|Any CPU.ActiveCfg = Debug|Any CPU
		{CC051A3A-8B43-43FA-ABDB-6F6258F60790}.Debug|Any CPU.Build.0 = Debug|Any CPU
		{CC051A3A-8B43-43FA-ABDB-6F6258F60790}.Release|Any CPU.ActiveCfg = Release|Any CPU
		{CC051A3A-8B43-43FA-ABDB-6F6258F60790}.Release|Any CPU.Build.0 = Release|Any CPU
		{BC20E836-3914-40DC-9826-47556BE381F2}.Debug|Any CPU.ActiveCfg = Debug|Any CPU
		{BC20E836-3914-40DC-9826-47556BE381F2}.Debug|Any CPU.Build.0 = Debug|Any CPU
		{BC20E836-3914-40DC-9826-47556BE381F2}.Release|Any CPU.ActiveCfg = Release|Any CPU
		{BC20E836-3914-40DC-9826-47556BE381F2}.Release|Any CPU.Build.0 = Release|Any CPU
		{87DDA144-5259-489D-A610-9F694F74D1F4}.Debug|Any CPU.ActiveCfg = Debug|Any CPU
		{87DDA144-5259-489D-A610-9F694F74D1F4}.Debug|Any CPU.Build.0 = Debug|Any CPU
		{87DDA144-5259-489D-A610-9F694F74D1F4}.Release|Any CPU.ActiveCfg = Release|Any CPU
		{87DDA144-5259-489D-A610-9F694F74D1F4}.Release|Any CPU.Build.0 = Release|Any CPU
		{81823678-6D69-43B1-BFB2-AD9C39932222}.Debug|Any CPU.ActiveCfg = Debug|Any CPU
		{81823678-6D69-43B1-BFB2-AD9C39932222}.Debug|Any CPU.Build.0 = Debug|Any CPU
		{81823678-6D69-43B1-BFB2-AD9C39932222}.Release|Any CPU.ActiveCfg = Release|Any CPU
		{81823678-6D69-43B1-BFB2-AD9C39932222}.Release|Any CPU.Build.0 = Release|Any CPU
		{C94ADD49-C0F2-4E9F-8993-CD21FB576021}.Debug|Any CPU.ActiveCfg = Debug|Any CPU
		{C94ADD49-C0F2-4E9F-8993-CD21FB576021}.Debug|Any CPU.Build.0 = Debug|Any CPU
		{C94ADD49-C0F2-4E9F-8993-CD21FB576021}.Release|Any CPU.ActiveCfg = Release|Any CPU
		{C94ADD49-C0F2-4E9F-8993-CD21FB576021}.Release|Any CPU.Build.0 = Release|Any CPU
		{52B6D545-BFFE-43F6-B2E7-6E092C4FCD2A}.Debug|Any CPU.ActiveCfg = Debug|Any CPU
		{52B6D545-BFFE-43F6-B2E7-6E092C4FCD2A}.Debug|Any CPU.Build.0 = Debug|Any CPU
		{52B6D545-BFFE-43F6-B2E7-6E092C4FCD2A}.Release|Any CPU.ActiveCfg = Release|Any CPU
		{52B6D545-BFFE-43F6-B2E7-6E092C4FCD2A}.Release|Any CPU.Build.0 = Release|Any CPU
		{4BABD47F-2613-4965-97D7-123AC35610BB}.Debug|Any CPU.ActiveCfg = Debug|Any CPU
		{4BABD47F-2613-4965-97D7-123AC35610BB}.Debug|Any CPU.Build.0 = Debug|Any CPU
		{4BABD47F-2613-4965-97D7-123AC35610BB}.Release|Any CPU.ActiveCfg = Release|Any CPU
		{4BABD47F-2613-4965-97D7-123AC35610BB}.Release|Any CPU.Build.0 = Release|Any CPU
		{0C9A005C-AB27-46F0-99A3-EFD54676C554}.Debug|Any CPU.ActiveCfg = Debug|Any CPU
		{0C9A005C-AB27-46F0-99A3-EFD54676C554}.Debug|Any CPU.Build.0 = Debug|Any CPU
		{0C9A005C-AB27-46F0-99A3-EFD54676C554}.Release|Any CPU.ActiveCfg = Release|Any CPU
		{0C9A005C-AB27-46F0-99A3-EFD54676C554}.Release|Any CPU.Build.0 = Release|Any CPU
	EndGlobalSection
	GlobalSection(SolutionProperties) = preSolution
		HideSolutionNode = FALSE
	EndGlobalSection
	GlobalSection(ExtensibilityGlobals) = postSolution
		SolutionGuid = {2B0132D8-71B7-4B1F-834B-1BEE928618E7}
	EndGlobalSection
EndGlobal
